// !$*UTF8*$!
{
	archiveVersion = 1;
	classes = {
	};
	objectVersion = 50;
	objects = {

/* Begin PBXBuildFile section */
		11722898A531D06BE99DAF18 /* Pods_YouTubeClient.framework in Frameworks */ = {isa = PBXBuildFile; fileRef = 25E6F30FEFDD68E91F681D5D /* Pods_YouTubeClient.framework */; };
		35720848212D72D700616406 /* VideoListTableViewCell.swift in Sources */ = {isa = PBXBuildFile; fileRef = 35720847212D72D700616406 /* VideoListTableViewCell.swift */; };
		3572084D212D77A600616406 /* VideoListViewController.swift in Sources */ = {isa = PBXBuildFile; fileRef = 3572084C212D77A600616406 /* VideoListViewController.swift */; };
		35720850212D7D6600616406 /* VideoPlaylistFactory.swift in Sources */ = {isa = PBXBuildFile; fileRef = 3572084F212D7D6600616406 /* VideoPlaylistFactory.swift */; };
		35720853212D7E7900616406 /* R.generated.swift in Sources */ = {isa = PBXBuildFile; fileRef = 35720852212D7E7900616406 /* R.generated.swift */; };
		35720855212D7F7400616406 /* VideoDetailViewController.swift in Sources */ = {isa = PBXBuildFile; fileRef = 35720854212D7F7400616406 /* VideoDetailViewController.swift */; };
		35DFCBDD212D6F89002769F1 /* AppDelegate.swift in Sources */ = {isa = PBXBuildFile; fileRef = 35DFCBDC212D6F89002769F1 /* AppDelegate.swift */; };
		35DFCBE2212D6F89002769F1 /* Main.storyboard in Resources */ = {isa = PBXBuildFile; fileRef = 35DFCBE0212D6F89002769F1 /* Main.storyboard */; };
		35DFCBE4212D6F8A002769F1 /* Assets.xcassets in Resources */ = {isa = PBXBuildFile; fileRef = 35DFCBE3212D6F8A002769F1 /* Assets.xcassets */; };
		35DFCBE7212D6F8A002769F1 /* LaunchScreen.storyboard in Resources */ = {isa = PBXBuildFile; fileRef = 35DFCBE5212D6F8A002769F1 /* LaunchScreen.storyboard */; };
/* End PBXBuildFile section */

/* Begin PBXFileReference section */
		247A0BD4FE75A4610574E8E7 /* Pods-YouTubeClient.release.xcconfig */ = {isa = PBXFileReference; includeInIndex = 1; lastKnownFileType = text.xcconfig; name = "Pods-YouTubeClient.release.xcconfig"; path = "Pods/Target Support Files/Pods-YouTubeClient/Pods-YouTubeClient.release.xcconfig"; sourceTree = "<group>"; };
		25E6F30FEFDD68E91F681D5D /* Pods_YouTubeClient.framework */ = {isa = PBXFileReference; explicitFileType = wrapper.framework; includeInIndex = 0; path = Pods_YouTubeClient.framework; sourceTree = BUILT_PRODUCTS_DIR; };
		35720847212D72D700616406 /* VideoListTableViewCell.swift */ = {isa = PBXFileReference; lastKnownFileType = sourcecode.swift; path = VideoListTableViewCell.swift; sourceTree = "<group>"; };
		3572084C212D77A600616406 /* VideoListViewController.swift */ = {isa = PBXFileReference; lastKnownFileType = sourcecode.swift; path = VideoListViewController.swift; sourceTree = "<group>"; };
		3572084F212D7D6600616406 /* VideoPlaylistFactory.swift */ = {isa = PBXFileReference; lastKnownFileType = sourcecode.swift; path = VideoPlaylistFactory.swift; sourceTree = "<group>"; };
		35720852212D7E7900616406 /* R.generated.swift */ = {isa = PBXFileReference; fileEncoding = 4; lastKnownFileType = sourcecode.swift; path = R.generated.swift; sourceTree = "<group>"; };
		35720854212D7F7400616406 /* VideoDetailViewController.swift */ = {isa = PBXFileReference; lastKnownFileType = sourcecode.swift; path = VideoDetailViewController.swift; sourceTree = "<group>"; };
		35DFCBD9212D6F89002769F1 /* YouTubeClient.app */ = {isa = PBXFileReference; explicitFileType = wrapper.application; includeInIndex = 0; path = YouTubeClient.app; sourceTree = BUILT_PRODUCTS_DIR; };
		35DFCBDC212D6F89002769F1 /* AppDelegate.swift */ = {isa = PBXFileReference; lastKnownFileType = sourcecode.swift; path = AppDelegate.swift; sourceTree = "<group>"; };
		35DFCBE1212D6F89002769F1 /* Base */ = {isa = PBXFileReference; lastKnownFileType = file.storyboard; name = Base; path = Base.lproj/Main.storyboard; sourceTree = "<group>"; };
		35DFCBE3212D6F8A002769F1 /* Assets.xcassets */ = {isa = PBXFileReference; lastKnownFileType = folder.assetcatalog; path = Assets.xcassets; sourceTree = "<group>"; };
		35DFCBE6212D6F8A002769F1 /* Base */ = {isa = PBXFileReference; lastKnownFileType = file.storyboard; name = Base; path = Base.lproj/LaunchScreen.storyboard; sourceTree = "<group>"; };
		35DFCBE8212D6F8A002769F1 /* Info.plist */ = {isa = PBXFileReference; lastKnownFileType = text.plist.xml; path = Info.plist; sourceTree = "<group>"; };
		93F87B61E7A118BEB8A50748 /* Pods-YouTubeClient.debug.xcconfig */ = {isa = PBXFileReference; includeInIndex = 1; lastKnownFileType = text.xcconfig; name = "Pods-YouTubeClient.debug.xcconfig"; path = "Pods/Target Support Files/Pods-YouTubeClient/Pods-YouTubeClient.debug.xcconfig"; sourceTree = "<group>"; };
/* End PBXFileReference section */

/* Begin PBXFrameworksBuildPhase section */
		35DFCBD6212D6F89002769F1 /* Frameworks */ = {
			isa = PBXFrameworksBuildPhase;
			buildActionMask = 2147483647;
			files = (
				11722898A531D06BE99DAF18 /* Pods_YouTubeClient.framework in Frameworks */,
			);
			runOnlyForDeploymentPostprocessing = 0;
		};
/* End PBXFrameworksBuildPhase section */

/* Begin PBXGroup section */
		35720846212D728900616406 /* Views */ = {
			isa = PBXGroup;
			children = (
				35720847212D72D700616406 /* VideoListTableViewCell.swift */,
			);
			path = Views;
			sourceTree = "<group>";
		};
		35720849212D73E100616406 /* ViewControllers */ = {
			isa = PBXGroup;
			children = (
				3572084C212D77A600616406 /* VideoListViewController.swift */,
				35720854212D7F7400616406 /* VideoDetailViewController.swift */,
			);
			path = ViewControllers;
			sourceTree = "<group>";
		};
		3572084E212D7D4B00616406 /* Models */ = {
			isa = PBXGroup;
			children = (
				3572084F212D7D6600616406 /* VideoPlaylistFactory.swift */,
			);
			path = Models;
			sourceTree = "<group>";
		};
		35DFCBD0212D6F89002769F1 = {
			isa = PBXGroup;
			children = (
				35DFCBDB212D6F89002769F1 /* YouTubeClient */,
				35DFCBDA212D6F89002769F1 /* Products */,
				760424A326B15F9346F21814 /* Pods */,
				EBE38371236555BBC463BEAD /* Frameworks */,
			);
			sourceTree = "<group>";
		};
		35DFCBDA212D6F89002769F1 /* Products */ = {
			isa = PBXGroup;
			children = (
				35DFCBD9212D6F89002769F1 /* YouTubeClient.app */,
			);
			name = Products;
			sourceTree = "<group>";
		};
		35DFCBDB212D6F89002769F1 /* YouTubeClient */ = {
			isa = PBXGroup;
			children = (
				35720849212D73E100616406 /* ViewControllers */,
				35720846212D728900616406 /* Views */,
				3572084E212D7D4B00616406 /* Models */,
				35DFCBDC212D6F89002769F1 /* AppDelegate.swift */,
				35720852212D7E7900616406 /* R.generated.swift */,
				35DFCBE0212D6F89002769F1 /* Main.storyboard */,
				35DFCBE3212D6F8A002769F1 /* Assets.xcassets */,
				35DFCBE5212D6F8A002769F1 /* LaunchScreen.storyboard */,
				35DFCBE8212D6F8A002769F1 /* Info.plist */,
			);
			path = YouTubeClient;
			sourceTree = "<group>";
		};
		760424A326B15F9346F21814 /* Pods */ = {
			isa = PBXGroup;
			children = (
				93F87B61E7A118BEB8A50748 /* Pods-YouTubeClient.debug.xcconfig */,
				247A0BD4FE75A4610574E8E7 /* Pods-YouTubeClient.release.xcconfig */,
			);
			name = Pods;
			sourceTree = "<group>";
		};
		EBE38371236555BBC463BEAD /* Frameworks */ = {
			isa = PBXGroup;
			children = (
				25E6F30FEFDD68E91F681D5D /* Pods_YouTubeClient.framework */,
			);
			name = Frameworks;
			sourceTree = "<group>";
		};
/* End PBXGroup section */

/* Begin PBXNativeTarget section */
		35DFCBD8212D6F89002769F1 /* YouTubeClient */ = {
			isa = PBXNativeTarget;
			buildConfigurationList = 35DFCBEB212D6F8A002769F1 /* Build configuration list for PBXNativeTarget "YouTubeClient" */;
			buildPhases = (
				2C76AC3626216AF5153D6311 /* [CP] Check Pods Manifest.lock */,
				35720851212D7E3500616406 /* R.generated.swift [above the Compile Sources phase and below Check Pods Manifest.lock] */,
				35DFCBD5212D6F89002769F1 /* Sources */,
				35DFCBD6212D6F89002769F1 /* Frameworks */,
				35DFCBD7212D6F89002769F1 /* Resources */,
				536D16F5F8001484570E7050 /* [CP] Embed Pods Frameworks */,
			);
			buildRules = (
			);
			dependencies = (
			);
			name = YouTubeClient;
			productName = YouTubeClient;
			productReference = 35DFCBD9212D6F89002769F1 /* YouTubeClient.app */;
			productType = "com.apple.product-type.application";
		};
/* End PBXNativeTarget section */

/* Begin PBXProject section */
		35DFCBD1212D6F89002769F1 /* Project object */ = {
			isa = PBXProject;
			attributes = {
				LastSwiftUpdateCheck = 0940;
				LastUpgradeCheck = 0940;
				ORGANIZATIONNAME = "Kazuki Tanaka";
				TargetAttributes = {
					35DFCBD8212D6F89002769F1 = {
						CreatedOnToolsVersion = 9.4.1;
					};
				};
			};
			buildConfigurationList = 35DFCBD4212D6F89002769F1 /* Build configuration list for PBXProject "YouTubeClient" */;
			compatibilityVersion = "Xcode 9.3";
			developmentRegion = en;
			hasScannedForEncodings = 0;
			knownRegions = (
				en,
				Base,
			);
			mainGroup = 35DFCBD0212D6F89002769F1;
			productRefGroup = 35DFCBDA212D6F89002769F1 /* Products */;
			projectDirPath = "";
			projectRoot = "";
			targets = (
				35DFCBD8212D6F89002769F1 /* YouTubeClient */,
			);
		};
/* End PBXProject section */

/* Begin PBXResourcesBuildPhase section */
		35DFCBD7212D6F89002769F1 /* Resources */ = {
			isa = PBXResourcesBuildPhase;
			buildActionMask = 2147483647;
			files = (
				35DFCBE7212D6F8A002769F1 /* LaunchScreen.storyboard in Resources */,
				35DFCBE4212D6F8A002769F1 /* Assets.xcassets in Resources */,
				35DFCBE2212D6F89002769F1 /* Main.storyboard in Resources */,
			);
			runOnlyForDeploymentPostprocessing = 0;
		};
/* End PBXResourcesBuildPhase section */

/* Begin PBXShellScriptBuildPhase section */
		2C76AC3626216AF5153D6311 /* [CP] Check Pods Manifest.lock */ = {
			isa = PBXShellScriptBuildPhase;
			buildActionMask = 2147483647;
			files = (
			);
			inputPaths = (
				"${PODS_PODFILE_DIR_PATH}/Podfile.lock",
				"${PODS_ROOT}/Manifest.lock",
			);
			name = "[CP] Check Pods Manifest.lock";
			outputPaths = (
				"$(DERIVED_FILE_DIR)/Pods-YouTubeClient-checkManifestLockResult.txt",
			);
			runOnlyForDeploymentPostprocessing = 0;
			shellPath = /bin/sh;
			shellScript = "diff \"${PODS_PODFILE_DIR_PATH}/Podfile.lock\" \"${PODS_ROOT}/Manifest.lock\" > /dev/null\nif [ $? != 0 ] ; then\n    # print error to STDERR\n    echo \"error: The sandbox is not in sync with the Podfile.lock. Run 'pod install' or update your CocoaPods installation.\" >&2\n    exit 1\nfi\n# This output is used by Xcode 'outputs' to avoid re-running this script phase.\necho \"SUCCESS\" > \"${SCRIPT_OUTPUT_FILE_0}\"\n";
			showEnvVarsInLog = 0;
		};
		35720851212D7E3500616406 /* R.generated.swift [above the Compile Sources phase and below Check Pods Manifest.lock] */ = {
			isa = PBXShellScriptBuildPhase;
			buildActionMask = 2147483647;
			files = (
			);
			inputPaths = (
			);
			name = "R.generated.swift [above the Compile Sources phase and below Check Pods Manifest.lock]";
			outputPaths = (
			);
			runOnlyForDeploymentPostprocessing = 0;
			shellPath = /bin/sh;
			shellScript = "\"$PODS_ROOT/R.swift/rswift\" generate \"$SRCROOT/YouTubeClient\"";
		};
		536D16F5F8001484570E7050 /* [CP] Embed Pods Frameworks */ = {
			isa = PBXShellScriptBuildPhase;
			buildActionMask = 2147483647;
			files = (
			);
			inputPaths = (
				"${SRCROOT}/Pods/Target Support Files/Pods-YouTubeClient/Pods-YouTubeClient-frameworks.sh",
				"${BUILT_PRODUCTS_DIR}/GTMSessionFetcher/GTMSessionFetcher.framework",
				"${BUILT_PRODUCTS_DIR}/GoogleAPIClientForREST/GoogleAPIClientForREST.framework",
				"${BUILT_PRODUCTS_DIR}/Nuke/Nuke.framework",
				"${BUILT_PRODUCTS_DIR}/R.swift.Library/Rswift.framework",
				"${BUILT_PRODUCTS_DIR}/RxCocoa/RxCocoa.framework",
				"${BUILT_PRODUCTS_DIR}/RxSwift/RxSwift.framework",
				"${BUILT_PRODUCTS_DIR}/youtube-ios-player-helper/youtube_ios_player_helper.framework",
			);
			name = "[CP] Embed Pods Frameworks";
			outputPaths = (
				"${TARGET_BUILD_DIR}/${FRAMEWORKS_FOLDER_PATH}/GTMSessionFetcher.framework",
				"${TARGET_BUILD_DIR}/${FRAMEWORKS_FOLDER_PATH}/GoogleAPIClientForREST.framework",
				"${TARGET_BUILD_DIR}/${FRAMEWORKS_FOLDER_PATH}/Nuke.framework",
				"${TARGET_BUILD_DIR}/${FRAMEWORKS_FOLDER_PATH}/Rswift.framework",
				"${TARGET_BUILD_DIR}/${FRAMEWORKS_FOLDER_PATH}/RxCocoa.framework",
				"${TARGET_BUILD_DIR}/${FRAMEWORKS_FOLDER_PATH}/RxSwift.framework",
				"${TARGET_BUILD_DIR}/${FRAMEWORKS_FOLDER_PATH}/youtube_ios_player_helper.framework",
			);
			runOnlyForDeploymentPostprocessing = 0;
			shellPath = /bin/sh;
			shellScript = "\"${SRCROOT}/Pods/Target Support Files/Pods-YouTubeClient/Pods-YouTubeClient-frameworks.sh\"\n";
			showEnvVarsInLog = 0;
		};
/* End PBXShellScriptBuildPhase section */

/* Begin PBXSourcesBuildPhase section */
		35DFCBD5212D6F89002769F1 /* Sources */ = {
			isa = PBXSourcesBuildPhase;
			buildActionMask = 2147483647;
			files = (
				3572084D212D77A600616406 /* VideoListViewController.swift in Sources */,
				35720855212D7F7400616406 /* VideoDetailViewController.swift in Sources */,
				35DFCBDD212D6F89002769F1 /* AppDelegate.swift in Sources */,
				35720853212D7E7900616406 /* R.generated.swift in Sources */,
				35720850212D7D6600616406 /* VideoPlaylistFactory.swift in Sources */,
				35720848212D72D700616406 /* VideoListTableViewCell.swift in Sources */,
			);
			runOnlyForDeploymentPostprocessing = 0;
		};
/* End PBXSourcesBuildPhase section */

/* Begin PBXVariantGroup section */
		35DFCBE0212D6F89002769F1 /* Main.storyboard */ = {
			isa = PBXVariantGroup;
			children = (
				35DFCBE1212D6F89002769F1 /* Base */,
			);
			name = Main.storyboard;
			sourceTree = "<group>";
		};
		35DFCBE5212D6F8A002769F1 /* LaunchScreen.storyboard */ = {
			isa = PBXVariantGroup;
			children = (
				35DFCBE6212D6F8A002769F1 /* Base */,
			);
			name = LaunchScreen.storyboard;
			sourceTree = "<group>";
		};
/* End PBXVariantGroup section */

/* Begin XCBuildConfiguration section */
		35DFCBE9212D6F8A002769F1 /* Debug */ = {
			isa = XCBuildConfiguration;
			buildSettings = {
				ALWAYS_SEARCH_USER_PATHS = NO;
				CLANG_ANALYZER_NONNULL = YES;
				CLANG_ANALYZER_NUMBER_OBJECT_CONVERSION = YES_AGGRESSIVE;
				CLANG_CXX_LANGUAGE_STANDARD = "gnu++14";
				CLANG_CXX_LIBRARY = "libc++";
				CLANG_ENABLE_MODULES = YES;
				CLANG_ENABLE_OBJC_ARC = YES;
				CLANG_ENABLE_OBJC_WEAK = YES;
				CLANG_WARN_BLOCK_CAPTURE_AUTORELEASING = YES;
				CLANG_WARN_BOOL_CONVERSION = YES;
				CLANG_WARN_COMMA = YES;
				CLANG_WARN_CONSTANT_CONVERSION = YES;
				CLANG_WARN_DEPRECATED_OBJC_IMPLEMENTATIONS = YES;
				CLANG_WARN_DIRECT_OBJC_ISA_USAGE = YES_ERROR;
				CLANG_WARN_DOCUMENTATION_COMMENTS = YES;
				CLANG_WARN_EMPTY_BODY = YES;
				CLANG_WARN_ENUM_CONVERSION = YES;
				CLANG_WARN_INFINITE_RECURSION = YES;
				CLANG_WARN_INT_CONVERSION = YES;
				CLANG_WARN_NON_LITERAL_NULL_CONVERSION = YES;
				CLANG_WARN_OBJC_IMPLICIT_RETAIN_SELF = YES;
				CLANG_WARN_OBJC_LITERAL_CONVERSION = YES;
				CLANG_WARN_OBJC_ROOT_CLASS = YES_ERROR;
				CLANG_WARN_RANGE_LOOP_ANALYSIS = YES;
				CLANG_WARN_STRICT_PROTOTYPES = YES;
				CLANG_WARN_SUSPICIOUS_MOVE = YES;
				CLANG_WARN_UNGUARDED_AVAILABILITY = YES_AGGRESSIVE;
				CLANG_WARN_UNREACHABLE_CODE = YES;
				CLANG_WARN__DUPLICATE_METHOD_MATCH = YES;
				CODE_SIGN_IDENTITY = "iPhone Developer";
				COPY_PHASE_STRIP = NO;
				DEBUG_INFORMATION_FORMAT = dwarf;
				ENABLE_STRICT_OBJC_MSGSEND = YES;
				ENABLE_TESTABILITY = YES;
				GCC_C_LANGUAGE_STANDARD = gnu11;
				GCC_DYNAMIC_NO_PIC = NO;
				GCC_NO_COMMON_BLOCKS = YES;
				GCC_OPTIMIZATION_LEVEL = 0;
				GCC_PREPROCESSOR_DEFINITIONS = (
					"DEBUG=1",
					"$(inherited)",
				);
				GCC_WARN_64_TO_32_BIT_CONVERSION = YES;
				GCC_WARN_ABOUT_RETURN_TYPE = YES_ERROR;
				GCC_WARN_UNDECLARED_SELECTOR = YES;
				GCC_WARN_UNINITIALIZED_AUTOS = YES_AGGRESSIVE;
				GCC_WARN_UNUSED_FUNCTION = YES;
				GCC_WARN_UNUSED_VARIABLE = YES;
				IPHONEOS_DEPLOYMENT_TARGET = 11.4;
				MTL_ENABLE_DEBUG_INFO = YES;
				ONLY_ACTIVE_ARCH = YES;
				SDKROOT = iphoneos;
				SWIFT_ACTIVE_COMPILATION_CONDITIONS = DEBUG;
				SWIFT_OPTIMIZATION_LEVEL = "-Onone";
			};
			name = Debug;
		};
		35DFCBEA212D6F8A002769F1 /* Release */ = {
			isa = XCBuildConfiguration;
			buildSettings = {
				ALWAYS_SEARCH_USER_PATHS = NO;
				CLANG_ANALYZER_NONNULL = YES;
				CLANG_ANALYZER_NUMBER_OBJECT_CONVERSION = YES_AGGRESSIVE;
				CLANG_CXX_LANGUAGE_STANDARD = "gnu++14";
				CLANG_CXX_LIBRARY = "libc++";
				CLANG_ENABLE_MODULES = YES;
				CLANG_ENABLE_OBJC_ARC = YES;
				CLANG_ENABLE_OBJC_WEAK = YES;
				CLANG_WARN_BLOCK_CAPTURE_AUTORELEASING = YES;
				CLANG_WARN_BOOL_CONVERSION = YES;
				CLANG_WARN_COMMA = YES;
				CLANG_WARN_CONSTANT_CONVERSION = YES;
				CLANG_WARN_DEPRECATED_OBJC_IMPLEMENTATIONS = YES;
				CLANG_WARN_DIRECT_OBJC_ISA_USAGE = YES_ERROR;
				CLANG_WARN_DOCUMENTATION_COMMENTS = YES;
				CLANG_WARN_EMPTY_BODY = YES;
				CLANG_WARN_ENUM_CONVERSION = YES;
				CLANG_WARN_INFINITE_RECURSION = YES;
				CLANG_WARN_INT_CONVERSION = YES;
				CLANG_WARN_NON_LITERAL_NULL_CONVERSION = YES;
				CLANG_WARN_OBJC_IMPLICIT_RETAIN_SELF = YES;
				CLANG_WARN_OBJC_LITERAL_CONVERSION = YES;
				CLANG_WARN_OBJC_ROOT_CLASS = YES_ERROR;
				CLANG_WARN_RANGE_LOOP_ANALYSIS = YES;
				CLANG_WARN_STRICT_PROTOTYPES = YES;
				CLANG_WARN_SUSPICIOUS_MOVE = YES;
				CLANG_WARN_UNGUARDED_AVAILABILITY = YES_AGGRESSIVE;
				CLANG_WARN_UNREACHABLE_CODE = YES;
				CLANG_WARN__DUPLICATE_METHOD_MATCH = YES;
				CODE_SIGN_IDENTITY = "iPhone Developer";
				COPY_PHASE_STRIP = NO;
				DEBUG_INFORMATION_FORMAT = "dwarf-with-dsym";
				ENABLE_NS_ASSERTIONS = NO;
				ENABLE_STRICT_OBJC_MSGSEND = YES;
				GCC_C_LANGUAGE_STANDARD = gnu11;
				GCC_NO_COMMON_BLOCKS = YES;
				GCC_WARN_64_TO_32_BIT_CONVERSION = YES;
				GCC_WARN_ABOUT_RETURN_TYPE = YES_ERROR;
				GCC_WARN_UNDECLARED_SELECTOR = YES;
				GCC_WARN_UNINITIALIZED_AUTOS = YES_AGGRESSIVE;
				GCC_WARN_UNUSED_FUNCTION = YES;
				GCC_WARN_UNUSED_VARIABLE = YES;
				IPHONEOS_DEPLOYMENT_TARGET = 11.4;
				MTL_ENABLE_DEBUG_INFO = NO;
				SDKROOT = iphoneos;
				SWIFT_COMPILATION_MODE = wholemodule;
				SWIFT_OPTIMIZATION_LEVEL = "-O";
				VALIDATE_PRODUCT = YES;
			};
			name = Release;
		};
		35DFCBEC212D6F8A002769F1 /* Debug */ = {
			isa = XCBuildConfiguration;
			baseConfigurationReference = 93F87B61E7A118BEB8A50748 /* Pods-YouTubeClient.debug.xcconfig */;
			buildSettings = {
				ASSETCATALOG_COMPILER_APPICON_NAME = AppIcon;
				CODE_SIGN_STYLE = Automatic;
				INFOPLIST_FILE = YouTubeClient/Info.plist;
				LD_RUNPATH_SEARCH_PATHS = (
					"$(inherited)",
					"@executable_path/Frameworks",
				);
				PRODUCT_BUNDLE_IDENTIFIER = com.kazuki.tanaka.YouTubeClient;
				PRODUCT_NAME = "$(TARGET_NAME)";
				SWIFT_VERSION = 4.0;
				TARGETED_DEVICE_FAMILY = "1,2";
			};
			name = Debug;
		};
		35DFCBED212D6F8A002769F1 /* Release */ = {
			isa = XCBuildConfiguration;
			baseConfigurationReference = 247A0BD4FE75A4610574E8E7 /* Pods-YouTubeClient.release.xcconfig */;
			buildSettings = {
				ASSETCATALOG_COMPILER_APPICON_NAME = AppIcon;
				CODE_SIGN_STYLE = Automatic;
				INFOPLIST_FILE = YouTubeClient/Info.plist;
				LD_RUNPATH_SEARCH_PATHS = (
					"$(inherited)",
					"@executable_path/Frameworks",
				);
				PRODUCT_BUNDLE_IDENTIFIER = com.kazuki.tanaka.YouTubeClient;
				PRODUCT_NAME = "$(TARGET_NAME)";
				SWIFT_VERSION = 4.0;
				TARGETED_DEVICE_FAMILY = "1,2";
			};
			name = Release;
		};
/* End XCBuildConfiguration section */

/* Begin XCConfigurationList section */
		35DFCBD4212D6F89002769F1 /* Build configuration list for PBXProject "YouTubeClient" */ = {
			isa = XCConfigurationList;
			buildConfigurations = (
				35DFCBE9212D6F8A002769F1 /* Debug */,
				35DFCBEA212D6F8A002769F1 /* Release */,
			);
			defaultConfigurationIsVisible = 0;
			defaultConfigurationName = Release;
		};
		35DFCBEB212D6F8A002769F1 /* Build configuration list for PBXNativeTarget "YouTubeClient" */ = {
			isa = XCConfigurationList;
			buildConfigurations = (
				35DFCBEC212D6F8A002769F1 /* Debug */,
				35DFCBED212D6F8A002769F1 /* Release */,
			);
			defaultConfigurationIsVisible = 0;
			defaultConfigurationName = Release;
		};
/* End XCConfigurationList section */
	};
	rootObject = 35DFCBD1212D6F89002769F1 /* Project object */;
}
